
Microsoft Visual Studio Solution File, Format Version 12.00
# Visual Studio 14
VisualStudioVersion = 14.0.25420.1
MinimumVisualStudioVersion = 10.0.40219.1
Project("{D954291E-2A0B-460D-934E-DC6B0785DB48}") = "taswiq4u", "taswiq4u\taswiq4u\taswiq4u.shproj", "{38FD1312-3A11-4725-ABA2-8C7ADBED96A8}"
EndProject
Project("{FAE04EC0-301F-11D3-BF4B-00C04F79EFBC}") = "taswiq4u.Android", "taswiq4u\taswiq4u.Android\taswiq4u.Android.csproj", "{5CAB8633-4A70-4CCE-97C7-C1FB394F27AA}"
EndProject
Project("{FAE04EC0-301F-11D3-BF4B-00C04F79EFBC}") = "taswiq4u.iOS", "taswiq4u\taswiq4u.iOS\taswiq4u.iOS.csproj", "{182C347F-4B5B-476B-8BD8-C31DAAA85213}"
EndProject
Project("{FAE04EC0-301F-11D3-BF4B-00C04F79EFBC}") = "taswiq4u.UWP", "taswiq4u\taswiq4u.UWP\taswiq4u.UWP.csproj", "{68F9032C-6192-493E-B2BE-21ACA2F6C21C}"
EndProject
Global
	GlobalSection(SharedMSBuildProjectFiles) = preSolution
		taswiq4u\taswiq4u\taswiq4u.projitems*{182c347f-4b5b-476b-8bd8-c31daaa85213}*SharedItemsImports = 4
		taswiq4u\taswiq4u\taswiq4u.projitems*{38fd1312-3a11-4725-aba2-8c7adbed96a8}*SharedItemsImports = 13
	EndGlobalSection
	GlobalSection(SolutionConfigurationPlatforms) = preSolution
		Debug|Any CPU = Debug|Any CPU
		Debug|ARM = Debug|ARM
		Debug|iPhone = Debug|iPhone
		Debug|iPhoneSimulator = Debug|iPhoneSimulator
		Debug|x64 = Debug|x64
		Debug|x86 = Debug|x86
		Release|Any CPU = Release|Any CPU
		Release|ARM = Release|ARM
		Release|iPhone = Release|iPhone
		Release|iPhoneSimulator = Release|iPhoneSimulator
		Release|x64 = Release|x64
		Release|x86 = Release|x86
	EndGlobalSection
	GlobalSection(ProjectConfigurationPlatforms) = postSolution
		{5CAB8633-4A70-4CCE-97C7-C1FB394F27AA}.Debug|Any CPU.ActiveCfg = Debug|Any CPU
		{5CAB8633-4A70-4CCE-97C7-C1FB394F27AA}.Debug|Any CPU.Build.0 = Debug|Any CPU
		{5CAB8633-4A70-4CCE-97C7-C1FB394F27AA}.Debug|Any CPU.Deploy.0 = Debug|Any CPU
		{5CAB8633-4A70-4CCE-97C7-C1FB394F27AA}.Debug|ARM.ActiveCfg = Debug|Any CPU
		{5CAB8633-4A70-4CCE-97C7-C1FB394F27AA}.Debug|ARM.Build.0 = Debug|Any CPU
		{5CAB8633-4A70-4CCE-97C7-C1FB394F27AA}.Debug|ARM.Deploy.0 = Debug|Any CPU
		{5CAB8633-4A70-4CCE-97C7-C1FB394F27AA}.Debug|iPhone.ActiveCfg = Debug|Any CPU
		{5CAB8633-4A70-4CCE-97C7-C1FB394F27AA}.Debug|iPhone.Build.0 = Debug|Any CPU
		{5CAB8633-4A70-4CCE-97C7-C1FB394F27AA}.Debug|iPhone.Deploy.0 = Debug|Any CPU
		{5CAB8633-4A70-4CCE-97C7-C1FB394F27AA}.Debug|iPhoneSimulator.ActiveCfg = Debug|Any CPU
		{5CAB8633-4A70-4CCE-97C7-C1FB394F27AA}.Debug|iPhoneSimulator.Build.0 = Debug|Any CPU
		{5CAB8633-4A70-4CCE-97C7-C1FB394F27AA}.Debug|iPhoneSimulator.Deploy.0 = Debug|Any CPU
		{5CAB8633-4A70-4CCE-97C7-C1FB394F27AA}.Debug|x64.ActiveCfg = Debug|Any CPU
		{5CAB8633-4A70-4CCE-97C7-C1FB394F27AA}.Debug|x64.Build.0 = Debug|Any CPU
		{5CAB8633-4A70-4CCE-97C7-C1FB394F27AA}.Debug|x64.Deploy.0 = Debug|Any CPU
		{5CAB8633-4A70-4CCE-97C7-C1FB394F27AA}.Debug|x86.ActiveCfg = Debug|Any CPU
		{5CAB8633-4A70-4CCE-97C7-C1FB394F27AA}.Debug|x86.Build.0 = Debug|Any CPU
		{5CAB8633-4A70-4CCE-97C7-C1FB394F27AA}.Debug|x86.Deploy.0 = Debug|Any CPU
		{5CAB8633-4A70-4CCE-97C7-C1FB394F27AA}.Release|Any CPU.ActiveCfg = Release|Any CPU
		{5CAB8633-4A70-4CCE-97C7-C1FB394F27AA}.Release|Any CPU.Build.0 = Release|Any CPU
		{5CAB8633-4A70-4CCE-97C7-C1FB394F27AA}.Release|Any CPU.Deploy.0 = Release|Any CPU
		{5CAB8633-4A70-4CCE-97C7-C1FB394F27AA}.Release|ARM.ActiveCfg = Release|Any CPU
		{5CAB8633-4A70-4CCE-97C7-C1FB394F27AA}.Release|ARM.Build.0 = Release|Any CPU
		{5CAB8633-4A70-4CCE-97C7-C1FB394F27AA}.Release|ARM.Deploy.0 = Release|Any CPU
		{5CAB8633-4A70-4CCE-97C7-C1FB394F27AA}.Release|iPhone.ActiveCfg = Release|Any CPU
		{5CAB8633-4A70-4CCE-97C7-C1FB394F27AA}.Release|iPhone.Build.0 = Release|Any CPU
		{5CAB8633-4A70-4CCE-97C7-C1FB394F27AA}.Release|iPhone.Deploy.0 = Release|Any CPU
		{5CAB8633-4A70-4CCE-97C7-C1FB394F27AA}.Release|iPhoneSimulator.ActiveCfg = Release|Any CPU
		{5CAB8633-4A70-4CCE-97C7-C1FB394F27AA}.Release|iPhoneSimulator.Build.0 = Release|Any CPU
		{5CAB8633-4A70-4CCE-97C7-C1FB394F27AA}.Release|iPhoneSimulator.Deploy.0 = Release|Any CPU
		{5CAB8633-4A70-4CCE-97C7-C1FB394F27AA}.Release|x64.ActiveCfg = Release|Any CPU
		{5CAB8633-4A70-4CCE-97C7-C1FB394F27AA}.Release|x64.Build.0 = Release|Any CPU
		{5CAB8633-4A70-4CCE-97C7-C1FB394F27AA}.Release|x64.Deploy.0 = Release|Any CPU
		{5CAB8633-4A70-4CCE-97C7-C1FB394F27AA}.Release|x86.ActiveCfg = Release|Any CPU
		{5CAB8633-4A70-4CCE-97C7-C1FB394F27AA}.Release|x86.Build.0 = Release|Any CPU
		{5CAB8633-4A70-4CCE-97C7-C1FB394F27AA}.Release|x86.Deploy.0 = Release|Any CPU
		{182C347F-4B5B-476B-8BD8-C31DAAA85213}.Debug|Any CPU.ActiveCfg = Debug|iPhone
		{182C347F-4B5B-476B-8BD8-C31DAAA85213}.Debug|ARM.ActiveCfg = Debug|iPhone
		{182C347F-4B5B-476B-8BD8-C31DAAA85213}.Debug|iPhone.ActiveCfg = Debug|iPhone
		{182C347F-4B5B-476B-8BD8-C31DAAA85213}.Debug|iPhone.Build.0 = Debug|iPhone
		{182C347F-4B5B-476B-8BD8-C31DAAA85213}.Debug|iPhoneSimulator.ActiveCfg = Debug|iPhoneSimulator
		{182C347F-4B5B-476B-8BD8-C31DAAA85213}.Debug|iPhoneSimulator.Build.0 = Debug|iPhoneSimulator
		{182C347F-4B5B-476B-8BD8-C31DAAA85213}.Debug|x64.ActiveCfg = Debug|iPhone
		{182C347F-4B5B-476B-8BD8-C31DAAA85213}.Debug|x86.ActiveCfg = Debug|iPhone
		{182C347F-4B5B-476B-8BD8-C31DAAA85213}.Release|Any CPU.ActiveCfg = Release|iPhone
		{182C347F-4B5B-476B-8BD8-C31DAAA85213}.Release|ARM.ActiveCfg = Release|iPhone
		{182C347F-4B5B-476B-8BD8-C31DAAA85213}.Release|iPhone.ActiveCfg = Release|iPhone
		{182C347F-4B5B-476B-8BD8-C31DAAA85213}.Release|iPhone.Build.0 = Release|iPhone
		{182C347F-4B5B-476B-8BD8-C31DAAA85213}.Release|iPhoneSimulator.ActiveCfg = Release|iPhoneSimulator
		{182C347F-4B5B-476B-8BD8-C31DAAA85213}.Release|iPhoneSimulator.Build.0 = Release|iPhoneSimulator
		{182C347F-4B5B-476B-8BD8-C31DAAA85213}.Release|x64.ActiveCfg = Release|iPhone
		{182C347F-4B5B-476B-8BD8-C31DAAA85213}.Release|x86.ActiveCfg = Release|iPhone
		{68F9032C-6192-493E-B2BE-21ACA2F6C21C}.Debug|Any CPU.ActiveCfg = Debug|x86
		{68F9032C-6192-493E-B2BE-21ACA2F6C21C}.Debug|ARM.ActiveCfg = Debug|ARM
		{68F9032C-6192-493E-B2BE-21ACA2F6C21C}.Debug|ARM.Build.0 = Debug|ARM
		{68F9032C-6192-493E-B2BE-21ACA2F6C21C}.Debug|ARM.Deploy.0 = Debug|ARM
		{68F9032C-6192-493E-B2BE-21ACA2F6C21C}.Debug|iPhone.ActiveCfg = Debug|x86
		{68F9032C-6192-493E-B2BE-21ACA2F6C21C}.Debug|iPhoneSimulator.ActiveCfg = Debug|x86
		{68F9032C-6192-493E-B2BE-21ACA2F6C21C}.Debug|x64.ActiveCfg = Debug|x64
		{68F9032C-6192-493E-B2BE-21ACA2F6C21C}.Debug|x64.Build.0 = Debug|x64
		{68F9032C-6192-493E-B2BE-21ACA2F6C21C}.Debug|x64.Deploy.0 = Debug|x64
		{68F9032C-6192-493E-B2BE-21ACA2F6C21C}.Debug|x86.ActiveCfg = Debug|x86
		{68F9032C-6192-493E-B2BE-21ACA2F6C21C}.Debug|x86.Build.0 = Debug|x86
		{68F9032C-6192-493E-B2BE-21ACA2F6C21C}.Debug|x86.Deploy.0 = Debug|x86
		{68F9032C-6192-493E-B2BE-21ACA2F6C21C}.Release|Any CPU.ActiveCfg = Release|x86
		{68F9032C-6192-493E-B2BE-21ACA2F6C21C}.Release|ARM.ActiveCfg = Release|ARM
		{68F9032C-6192-493E-B2BE-21ACA2F6C21C}.Release|ARM.Build.0 = Release|ARM
		{68F9032C-6192-493E-B2BE-21ACA2F6C21C}.Release|ARM.Deploy.0 = Release|ARM
		{68F9032C-6192-493E-B2BE-21ACA2F6C21C}.Release|iPhone.ActiveCfg = Release|x86
		{68F9032C-6192-493E-B2BE-21ACA2F6C21C}.Release|iPhoneSimulator.ActiveCfg = Release|x86
		{68F9032C-6192-493E-B2BE-21ACA2F6C21C}.Release|x64.ActiveCfg = Release|x64
		{68F9032C-6192-493E-B2BE-21ACA2F6C21C}.Release|x64.Build.0 = Release|x64
		{68F9032C-6192-493E-B2BE-21ACA2F6C21C}.Release|x64.Deploy.0 = Release|x64
		{68F9032C-6192-493E-B2BE-21ACA2F6C21C}.Release|x86.ActiveCfg = Release|x86
		{68F9032C-6192-493E-B2BE-21ACA2F6C21C}.Release|x86.Build.0 = Release|x86
		{68F9032C-6192-493E-B2BE-21ACA2F6C21C}.Release|x86.Deploy.0 = Release|x86
	EndGlobalSection
	GlobalSection(SolutionProperties) = preSolution
		HideSolutionNode = FALSE
	EndGlobalSection
EndGlobal
